
Microsoft Visual Studio Solution File, Format Version 12.00
# Visual Studio Version 17
VisualStudioVersion = 17.7.34202.233
MinimumVisualStudioVersion = 10.0.40219.1
Project("{FAE04EC0-301F-11D3-BF4B-00C04F79EFBC}") = "nobleTipProject", "nobleTipProject\nobleTipProject.csproj", "{BAD53C87-B1C3-4A99-A6F5-6C8AF754A759}"
EndProject
Global
	GlobalSection(SolutionConfigurationPlatforms) = preSolution
		Debug|Any CPU = Debug|Any CPU
		Release|Any CPU = Release|Any CPU
	EndGlobalSection
	GlobalSection(ProjectConfigurationPlatforms) = postSolution
		{BAD53C87-B1C3-4A99-A6F5-6C8AF754A759}.Debug|Any CPU.ActiveCfg = Debug|Any CPU
		{BAD53C87-B1C3-4A99-A6F5-6C8AF754A759}.Debug|Any CPU.Build.0 = Debug|Any CPU
		{BAD53C87-B1C3-4A99-A6F5-6C8AF754A759}.Release|Any CPU.ActiveCfg = Release|Any CPU
		{BAD53C87-B1C3-4A99-A6F5-6C8AF754A759}.Release|Any CPU.Build.0 = Release|Any CPU
	EndGlobalSection
	GlobalSection(SolutionProperties) = preSolution
		HideSolutionNode = FALSE
	EndGlobalSection
	GlobalSection(ExtensibilityGlobals) = postSolution
		SolutionGuid = {DA3C1E96-0543-4F74-980F-095E4FAF4665}
	EndGlobalSection
EndGlobal
